
Microsoft Visual Studio Solution File, Format Version 12.00
# Visual Studio Version 16
VisualStudioVersion = 16.0.29728.190
MinimumVisualStudioVersion = 10.0.40219.1
Project("{FAE04EC0-301F-11D3-BF4B-00C04F79EFBC}") = "COVID19.Client.UWP", "COVID19.Client\COVID19.Client.UWP\COVID19.Client.UWP.csproj", "{63AEA60E-C643-44F1-AD85-E36E3826D209}"
EndProject
Project("{FAE04EC0-301F-11D3-BF4B-00C04F79EFBC}") = "COVID19.Client.Android", "COVID19.Client\COVID19.Client.Android\COVID19.Client.Android.csproj", "{56D0E595-EF8E-48D4-AAFB-AC45A39B5AE5}"
EndProject
Project("{FAE04EC0-301F-11D3-BF4B-00C04F79EFBC}") = "COVID19.Client.iOS", "COVID19.Client\COVID19.Client.iOS\COVID19.Client.iOS.csproj", "{E72B4537-3812-46CA-8A70-DC66C7EA5EB6}"
EndProject
Project("{9A19103F-16F7-4668-BE54-9A1E7A4F7556}") = "COVID19.Client", "COVID19.Client\COVID19.Client\COVID19.Client.csproj", "{BDB84C71-42BA-4A63-B83F-7130DC9EF847}"
EndProject
Project("{FAE04EC0-301F-11D3-BF4B-00C04F79EFBC}") = "COVID19.Shared", "COVID19.Shared\COVID19.Shared.csproj", "{C6ABD3E1-A34F-492E-A8C4-0AD31B422EE4}"
EndProject
Project("{FAE04EC0-301F-11D3-BF4B-00C04F79EFBC}") = "COVID19.Server", "COVID19.Server\COVID19.Server.csproj", "{11DCBA4A-EC32-4D4C-8FFE-9BBDA44AD92D}"
EndProject
Project("{FAE04EC0-301F-11D3-BF4B-00C04F79EFBC}") = "COVID19.Console", "COVID19.Console\COVID19.Console.csproj", "{72E26D63-E0B1-4DA8-953D-B76DFFDC048A}"
EndProject
Global
	GlobalSection(SolutionConfigurationPlatforms) = preSolution
		Debug|Any CPU = Debug|Any CPU
		Debug|ARM = Debug|ARM
		Debug|iPhone = Debug|iPhone
		Debug|iPhoneSimulator = Debug|iPhoneSimulator
		Debug|x64 = Debug|x64
		Debug|x86 = Debug|x86
		Release|Any CPU = Release|Any CPU
		Release|ARM = Release|ARM
		Release|iPhone = Release|iPhone
		Release|iPhoneSimulator = Release|iPhoneSimulator
		Release|x64 = Release|x64
		Release|x86 = Release|x86
	EndGlobalSection
	GlobalSection(ProjectConfigurationPlatforms) = postSolution
		{63AEA60E-C643-44F1-AD85-E36E3826D209}.Debug|Any CPU.ActiveCfg = Debug|x86
		{63AEA60E-C643-44F1-AD85-E36E3826D209}.Debug|ARM.ActiveCfg = Debug|ARM
		{63AEA60E-C643-44F1-AD85-E36E3826D209}.Debug|ARM.Build.0 = Debug|ARM
		{63AEA60E-C643-44F1-AD85-E36E3826D209}.Debug|ARM.Deploy.0 = Debug|ARM
		{63AEA60E-C643-44F1-AD85-E36E3826D209}.Debug|iPhone.ActiveCfg = Debug|x86
		{63AEA60E-C643-44F1-AD85-E36E3826D209}.Debug|iPhoneSimulator.ActiveCfg = Debug|x86
		{63AEA60E-C643-44F1-AD85-E36E3826D209}.Debug|x64.ActiveCfg = Debug|x64
		{63AEA60E-C643-44F1-AD85-E36E3826D209}.Debug|x64.Build.0 = Debug|x64
		{63AEA60E-C643-44F1-AD85-E36E3826D209}.Debug|x64.Deploy.0 = Debug|x64
		{63AEA60E-C643-44F1-AD85-E36E3826D209}.Debug|x86.ActiveCfg = Debug|x86
		{63AEA60E-C643-44F1-AD85-E36E3826D209}.Debug|x86.Build.0 = Debug|x86
		{63AEA60E-C643-44F1-AD85-E36E3826D209}.Debug|x86.Deploy.0 = Debug|x86
		{63AEA60E-C643-44F1-AD85-E36E3826D209}.Release|Any CPU.ActiveCfg = Release|x86
		{63AEA60E-C643-44F1-AD85-E36E3826D209}.Release|ARM.ActiveCfg = Release|ARM
		{63AEA60E-C643-44F1-AD85-E36E3826D209}.Release|ARM.Build.0 = Release|ARM
		{63AEA60E-C643-44F1-AD85-E36E3826D209}.Release|ARM.Deploy.0 = Release|ARM
		{63AEA60E-C643-44F1-AD85-E36E3826D209}.Release|iPhone.ActiveCfg = Release|x86
		{63AEA60E-C643-44F1-AD85-E36E3826D209}.Release|iPhoneSimulator.ActiveCfg = Release|x86
		{63AEA60E-C643-44F1-AD85-E36E3826D209}.Release|x64.ActiveCfg = Release|x64
		{63AEA60E-C643-44F1-AD85-E36E3826D209}.Release|x64.Build.0 = Release|x64
		{63AEA60E-C643-44F1-AD85-E36E3826D209}.Release|x64.Deploy.0 = Release|x64
		{63AEA60E-C643-44F1-AD85-E36E3826D209}.Release|x86.ActiveCfg = Release|x86
		{63AEA60E-C643-44F1-AD85-E36E3826D209}.Release|x86.Build.0 = Release|x86
		{63AEA60E-C643-44F1-AD85-E36E3826D209}.Release|x86.Deploy.0 = Release|x86
		{56D0E595-EF8E-48D4-AAFB-AC45A39B5AE5}.Debug|Any CPU.ActiveCfg = Debug|Any CPU
		{56D0E595-EF8E-48D4-AAFB-AC45A39B5AE5}.Debug|Any CPU.Build.0 = Debug|Any CPU
		{56D0E595-EF8E-48D4-AAFB-AC45A39B5AE5}.Debug|Any CPU.Deploy.0 = Debug|Any CPU
		{56D0E595-EF8E-48D4-AAFB-AC45A39B5AE5}.Debug|ARM.ActiveCfg = Debug|Any CPU
		{56D0E595-EF8E-48D4-AAFB-AC45A39B5AE5}.Debug|ARM.Build.0 = Debug|Any CPU
		{56D0E595-EF8E-48D4-AAFB-AC45A39B5AE5}.Debug|ARM.Deploy.0 = Debug|Any CPU
		{56D0E595-EF8E-48D4-AAFB-AC45A39B5AE5}.Debug|iPhone.ActiveCfg = Debug|Any CPU
		{56D0E595-EF8E-48D4-AAFB-AC45A39B5AE5}.Debug|iPhone.Build.0 = Debug|Any CPU
		{56D0E595-EF8E-48D4-AAFB-AC45A39B5AE5}.Debug|iPhone.Deploy.0 = Debug|Any CPU
		{56D0E595-EF8E-48D4-AAFB-AC45A39B5AE5}.Debug|iPhoneSimulator.ActiveCfg = Debug|Any CPU
		{56D0E595-EF8E-48D4-AAFB-AC45A39B5AE5}.Debug|iPhoneSimulator.Build.0 = Debug|Any CPU
		{56D0E595-EF8E-48D4-AAFB-AC45A39B5AE5}.Debug|iPhoneSimulator.Deploy.0 = Debug|Any CPU
		{56D0E595-EF8E-48D4-AAFB-AC45A39B5AE5}.Debug|x64.ActiveCfg = Debug|Any CPU
		{56D0E595-EF8E-48D4-AAFB-AC45A39B5AE5}.Debug|x64.Build.0 = Debug|Any CPU
		{56D0E595-EF8E-48D4-AAFB-AC45A39B5AE5}.Debug|x64.Deploy.0 = Debug|Any CPU
		{56D0E595-EF8E-48D4-AAFB-AC45A39B5AE5}.Debug|x86.ActiveCfg = Debug|Any CPU
		{56D0E595-EF8E-48D4-AAFB-AC45A39B5AE5}.Debug|x86.Build.0 = Debug|Any CPU
		{56D0E595-EF8E-48D4-AAFB-AC45A39B5AE5}.Debug|x86.Deploy.0 = Debug|Any CPU
		{56D0E595-EF8E-48D4-AAFB-AC45A39B5AE5}.Release|Any CPU.ActiveCfg = Release|Any CPU
		{56D0E595-EF8E-48D4-AAFB-AC45A39B5AE5}.Release|Any CPU.Build.0 = Release|Any CPU
		{56D0E595-EF8E-48D4-AAFB-AC45A39B5AE5}.Release|Any CPU.Deploy.0 = Release|Any CPU
		{56D0E595-EF8E-48D4-AAFB-AC45A39B5AE5}.Release|ARM.ActiveCfg = Release|Any CPU
		{56D0E595-EF8E-48D4-AAFB-AC45A39B5AE5}.Release|ARM.Build.0 = Release|Any CPU
		{56D0E595-EF8E-48D4-AAFB-AC45A39B5AE5}.Release|ARM.Deploy.0 = Release|Any CPU
		{56D0E595-EF8E-48D4-AAFB-AC45A39B5AE5}.Release|iPhone.ActiveCfg = Release|Any CPU
		{56D0E595-EF8E-48D4-AAFB-AC45A39B5AE5}.Release|iPhone.Build.0 = Release|Any CPU
		{56D0E595-EF8E-48D4-AAFB-AC45A39B5AE5}.Release|iPhone.Deploy.0 = Release|Any CPU
		{56D0E595-EF8E-48D4-AAFB-AC45A39B5AE5}.Release|iPhoneSimulator.ActiveCfg = Release|Any CPU
		{56D0E595-EF8E-48D4-AAFB-AC45A39B5AE5}.Release|iPhoneSimulator.Build.0 = Release|Any CPU
		{56D0E595-EF8E-48D4-AAFB-AC45A39B5AE5}.Release|iPhoneSimulator.Deploy.0 = Release|Any CPU
		{56D0E595-EF8E-48D4-AAFB-AC45A39B5AE5}.Release|x64.ActiveCfg = Release|Any CPU
		{56D0E595-EF8E-48D4-AAFB-AC45A39B5AE5}.Release|x64.Build.0 = Release|Any CPU
		{56D0E595-EF8E-48D4-AAFB-AC45A39B5AE5}.Release|x64.Deploy.0 = Release|Any CPU
		{56D0E595-EF8E-48D4-AAFB-AC45A39B5AE5}.Release|x86.ActiveCfg = Release|Any CPU
		{56D0E595-EF8E-48D4-AAFB-AC45A39B5AE5}.Release|x86.Build.0 = Release|Any CPU
		{56D0E595-EF8E-48D4-AAFB-AC45A39B5AE5}.Release|x86.Deploy.0 = Release|Any CPU
		{E72B4537-3812-46CA-8A70-DC66C7EA5EB6}.Debug|Any CPU.ActiveCfg = Debug|iPhone
		{E72B4537-3812-46CA-8A70-DC66C7EA5EB6}.Debug|ARM.ActiveCfg = Debug|iPhone
		{E72B4537-3812-46CA-8A70-DC66C7EA5EB6}.Debug|iPhone.ActiveCfg = Debug|iPhone
		{E72B4537-3812-46CA-8A70-DC66C7EA5EB6}.Debug|iPhone.Build.0 = Debug|iPhone
		{E72B4537-3812-46CA-8A70-DC66C7EA5EB6}.Debug|iPhoneSimulator.ActiveCfg = Debug|iPhoneSimulator
		{E72B4537-3812-46CA-8A70-DC66C7EA5EB6}.Debug|iPhoneSimulator.Build.0 = Debug|iPhoneSimulator
		{E72B4537-3812-46CA-8A70-DC66C7EA5EB6}.Debug|x64.ActiveCfg = Debug|iPhone
		{E72B4537-3812-46CA-8A70-DC66C7EA5EB6}.Debug|x86.ActiveCfg = Debug|iPhone
		{E72B4537-3812-46CA-8A70-DC66C7EA5EB6}.Release|Any CPU.ActiveCfg = Release|iPhone
		{E72B4537-3812-46CA-8A70-DC66C7EA5EB6}.Release|ARM.ActiveCfg = Release|iPhone
		{E72B4537-3812-46CA-8A70-DC66C7EA5EB6}.Release|iPhone.ActiveCfg = Release|iPhone
		{E72B4537-3812-46CA-8A70-DC66C7EA5EB6}.Release|iPhone.Build.0 = Release|iPhone
		{E72B4537-3812-46CA-8A70-DC66C7EA5EB6}.Release|iPhoneSimulator.ActiveCfg = Release|iPhoneSimulator
		{E72B4537-3812-46CA-8A70-DC66C7EA5EB6}.Release|iPhoneSimulator.Build.0 = Release|iPhoneSimulator
		{E72B4537-3812-46CA-8A70-DC66C7EA5EB6}.Release|x64.ActiveCfg = Release|iPhone
		{E72B4537-3812-46CA-8A70-DC66C7EA5EB6}.Release|x86.ActiveCfg = Release|iPhone
		{BDB84C71-42BA-4A63-B83F-7130DC9EF847}.Debug|Any CPU.ActiveCfg = Debug|Any CPU
		{BDB84C71-42BA-4A63-B83F-7130DC9EF847}.Debug|Any CPU.Build.0 = Debug|Any CPU
		{BDB84C71-42BA-4A63-B83F-7130DC9EF847}.Debug|ARM.ActiveCfg = Debug|Any CPU
		{BDB84C71-42BA-4A63-B83F-7130DC9EF847}.Debug|ARM.Build.0 = Debug|Any CPU
		{BDB84C71-42BA-4A63-B83F-7130DC9EF847}.Debug|iPhone.ActiveCfg = Debug|Any CPU
		{BDB84C71-42BA-4A63-B83F-7130DC9EF847}.Debug|iPhone.Build.0 = Debug|Any CPU
		{BDB84C71-42BA-4A63-B83F-7130DC9EF847}.Debug|iPhoneSimulator.ActiveCfg = Debug|Any CPU
		{BDB84C71-42BA-4A63-B83F-7130DC9EF847}.Debug|iPhoneSimulator.Build.0 = Debug|Any CPU
		{BDB84C71-42BA-4A63-B83F-7130DC9EF847}.Debug|x64.ActiveCfg = Debug|Any CPU
		{BDB84C71-42BA-4A63-B83F-7130DC9EF847}.Debug|x64.Build.0 = Debug|Any CPU
		{BDB84C71-42BA-4A63-B83F-7130DC9EF847}.Debug|x86.ActiveCfg = Debug|Any CPU
		{BDB84C71-42BA-4A63-B83F-7130DC9EF847}.Debug|x86.Build.0 = Debug|Any CPU
		{BDB84C71-42BA-4A63-B83F-7130DC9EF847}.Release|Any CPU.ActiveCfg = Release|Any CPU
		{BDB84C71-42BA-4A63-B83F-7130DC9EF847}.Release|Any CPU.Build.0 = Release|Any CPU
		{BDB84C71-42BA-4A63-B83F-7130DC9EF847}.Release|ARM.ActiveCfg = Release|Any CPU
		{BDB84C71-42BA-4A63-B83F-7130DC9EF847}.Release|ARM.Build.0 = Release|Any CPU
		{BDB84C71-42BA-4A63-B83F-7130DC9EF847}.Release|iPhone.ActiveCfg = Release|Any CPU
		{BDB84C71-42BA-4A63-B83F-7130DC9EF847}.Release|iPhone.Build.0 = Release|Any CPU
		{BDB84C71-42BA-4A63-B83F-7130DC9EF847}.Release|iPhoneSimulator.ActiveCfg = Release|Any CPU
		{BDB84C71-42BA-4A63-B83F-7130DC9EF847}.Release|iPhoneSimulator.Build.0 = Release|Any CPU
		{BDB84C71-42BA-4A63-B83F-7130DC9EF847}.Release|x64.ActiveCfg = Release|Any CPU
		{BDB84C71-42BA-4A63-B83F-7130DC9EF847}.Release|x64.Build.0 = Release|Any CPU
		{BDB84C71-42BA-4A63-B83F-7130DC9EF847}.Release|x86.ActiveCfg = Release|Any CPU
		{BDB84C71-42BA-4A63-B83F-7130DC9EF847}.Release|x86.Build.0 = Release|Any CPU
		{C6ABD3E1-A34F-492E-A8C4-0AD31B422EE4}.Debug|Any CPU.ActiveCfg = Debug|Any CPU
		{C6ABD3E1-A34F-492E-A8C4-0AD31B422EE4}.Debug|Any CPU.Build.0 = Debug|Any CPU
		{C6ABD3E1-A34F-492E-A8C4-0AD31B422EE4}.Debug|ARM.ActiveCfg = Debug|Any CPU
		{C6ABD3E1-A34F-492E-A8C4-0AD31B422EE4}.Debug|ARM.Build.0 = Debug|Any CPU
		{C6ABD3E1-A34F-492E-A8C4-0AD31B422EE4}.Debug|iPhone.ActiveCfg = Debug|Any CPU
		{C6ABD3E1-A34F-492E-A8C4-0AD31B422EE4}.Debug|iPhone.Build.0 = Debug|Any CPU
		{C6ABD3E1-A34F-492E-A8C4-0AD31B422EE4}.Debug|iPhoneSimulator.ActiveCfg = Debug|Any CPU
		{C6ABD3E1-A34F-492E-A8C4-0AD31B422EE4}.Debug|iPhoneSimulator.Build.0 = Debug|Any CPU
		{C6ABD3E1-A34F-492E-A8C4-0AD31B422EE4}.Debug|x64.ActiveCfg = Debug|Any CPU
		{C6ABD3E1-A34F-492E-A8C4-0AD31B422EE4}.Debug|x64.Build.0 = Debug|Any CPU
		{C6ABD3E1-A34F-492E-A8C4-0AD31B422EE4}.Debug|x86.ActiveCfg = Debug|Any CPU
		{C6ABD3E1-A34F-492E-A8C4-0AD31B422EE4}.Debug|x86.Build.0 = Debug|Any CPU
		{C6ABD3E1-A34F-492E-A8C4-0AD31B422EE4}.Release|Any CPU.ActiveCfg = Release|Any CPU
		{C6ABD3E1-A34F-492E-A8C4-0AD31B422EE4}.Release|Any CPU.Build.0 = Release|Any CPU
		{C6ABD3E1-A34F-492E-A8C4-0AD31B422EE4}.Release|ARM.ActiveCfg = Release|Any CPU
		{C6ABD3E1-A34F-492E-A8C4-0AD31B422EE4}.Release|ARM.Build.0 = Release|Any CPU
		{C6ABD3E1-A34F-492E-A8C4-0AD31B422EE4}.Release|iPhone.ActiveCfg = Release|Any CPU
		{C6ABD3E1-A34F-492E-A8C4-0AD31B422EE4}.Release|iPhone.Build.0 = Release|Any CPU
		{C6ABD3E1-A34F-492E-A8C4-0AD31B422EE4}.Release|iPhoneSimulator.ActiveCfg = Release|Any CPU
		{C6ABD3E1-A34F-492E-A8C4-0AD31B422EE4}.Release|iPhoneSimulator.Build.0 = Release|Any CPU
		{C6ABD3E1-A34F-492E-A8C4-0AD31B422EE4}.Release|x64.ActiveCfg = Release|Any CPU
		{C6ABD3E1-A34F-492E-A8C4-0AD31B422EE4}.Release|x64.Build.0 = Release|Any CPU
		{C6ABD3E1-A34F-492E-A8C4-0AD31B422EE4}.Release|x86.ActiveCfg = Release|Any CPU
		{C6ABD3E1-A34F-492E-A8C4-0AD31B422EE4}.Release|x86.Build.0 = Release|Any CPU
		{11DCBA4A-EC32-4D4C-8FFE-9BBDA44AD92D}.Debug|Any CPU.ActiveCfg = Debug|Any CPU
		{11DCBA4A-EC32-4D4C-8FFE-9BBDA44AD92D}.Debug|Any CPU.Build.0 = Debug|Any CPU
		{11DCBA4A-EC32-4D4C-8FFE-9BBDA44AD92D}.Debug|ARM.ActiveCfg = Debug|Any CPU
		{11DCBA4A-EC32-4D4C-8FFE-9BBDA44AD92D}.Debug|ARM.Build.0 = Debug|Any CPU
		{11DCBA4A-EC32-4D4C-8FFE-9BBDA44AD92D}.Debug|iPhone.ActiveCfg = Debug|Any CPU
		{11DCBA4A-EC32-4D4C-8FFE-9BBDA44AD92D}.Debug|iPhone.Build.0 = Debug|Any CPU
		{11DCBA4A-EC32-4D4C-8FFE-9BBDA44AD92D}.Debug|iPhoneSimulator.ActiveCfg = Debug|Any CPU
		{11DCBA4A-EC32-4D4C-8FFE-9BBDA44AD92D}.Debug|iPhoneSimulator.Build.0 = Debug|Any CPU
		{11DCBA4A-EC32-4D4C-8FFE-9BBDA44AD92D}.Debug|x64.ActiveCfg = Debug|Any CPU
		{11DCBA4A-EC32-4D4C-8FFE-9BBDA44AD92D}.Debug|x64.Build.0 = Debug|Any CPU
		{11DCBA4A-EC32-4D4C-8FFE-9BBDA44AD92D}.Debug|x86.ActiveCfg = Debug|Any CPU
		{11DCBA4A-EC32-4D4C-8FFE-9BBDA44AD92D}.Debug|x86.Build.0 = Debug|Any CPU
		{11DCBA4A-EC32-4D4C-8FFE-9BBDA44AD92D}.Release|Any CPU.ActiveCfg = Release|Any CPU
		{11DCBA4A-EC32-4D4C-8FFE-9BBDA44AD92D}.Release|Any CPU.Build.0 = Release|Any CPU
		{11DCBA4A-EC32-4D4C-8FFE-9BBDA44AD92D}.Release|ARM.ActiveCfg = Release|Any CPU
		{11DCBA4A-EC32-4D4C-8FFE-9BBDA44AD92D}.Release|ARM.Build.0 = Release|Any CPU
		{11DCBA4A-EC32-4D4C-8FFE-9BBDA44AD92D}.Release|iPhone.ActiveCfg = Release|Any CPU
		{11DCBA4A-EC32-4D4C-8FFE-9BBDA44AD92D}.Release|iPhone.Build.0 = Release|Any CPU
		{11DCBA4A-EC32-4D4C-8FFE-9BBDA44AD92D}.Release|iPhoneSimulator.ActiveCfg = Release|Any CPU
		{11DCBA4A-EC32-4D4C-8FFE-9BBDA44AD92D}.Release|iPhoneSimulator.Build.0 = Release|Any CPU
		{11DCBA4A-EC32-4D4C-8FFE-9BBDA44AD92D}.Release|x64.ActiveCfg = Release|Any CPU
		{11DCBA4A-EC32-4D4C-8FFE-9BBDA44AD92D}.Release|x64.Build.0 = Release|Any CPU
		{11DCBA4A-EC32-4D4C-8FFE-9BBDA44AD92D}.Release|x86.ActiveCfg = Release|Any CPU
		{11DCBA4A-EC32-4D4C-8FFE-9BBDA44AD92D}.Release|x86.Build.0 = Release|Any CPU
		{72E26D63-E0B1-4DA8-953D-B76DFFDC048A}.Debug|Any CPU.ActiveCfg = Debug|Any CPU
		{72E26D63-E0B1-4DA8-953D-B76DFFDC048A}.Debug|Any CPU.Build.0 = Debug|Any CPU
		{72E26D63-E0B1-4DA8-953D-B76DFFDC048A}.Debug|ARM.ActiveCfg = Debug|Any CPU
		{72E26D63-E0B1-4DA8-953D-B76DFFDC048A}.Debug|ARM.Build.0 = Debug|Any CPU
		{72E26D63-E0B1-4DA8-953D-B76DFFDC048A}.Debug|iPhone.ActiveCfg = Debug|Any CPU
		{72E26D63-E0B1-4DA8-953D-B76DFFDC048A}.Debug|iPhone.Build.0 = Debug|Any CPU
		{72E26D63-E0B1-4DA8-953D-B76DFFDC048A}.Debug|iPhoneSimulator.ActiveCfg = Debug|Any CPU
		{72E26D63-E0B1-4DA8-953D-B76DFFDC048A}.Debug|iPhoneSimulator.Build.0 = Debug|Any CPU
		{72E26D63-E0B1-4DA8-953D-B76DFFDC048A}.Debug|x64.ActiveCfg = Debug|Any CPU
		{72E26D63-E0B1-4DA8-953D-B76DFFDC048A}.Debug|x64.Build.0 = Debug|Any CPU
		{72E26D63-E0B1-4DA8-953D-B76DFFDC048A}.Debug|x86.ActiveCfg = Debug|Any CPU
		{72E26D63-E0B1-4DA8-953D-B76DFFDC048A}.Debug|x86.Build.0 = Debug|Any CPU
		{72E26D63-E0B1-4DA8-953D-B76DFFDC048A}.Release|Any CPU.ActiveCfg = Release|Any CPU
		{72E26D63-E0B1-4DA8-953D-B76DFFDC048A}.Release|Any CPU.Build.0 = Release|Any CPU
		{72E26D63-E0B1-4DA8-953D-B76DFFDC048A}.Release|ARM.ActiveCfg = Release|Any CPU
		{72E26D63-E0B1-4DA8-953D-B76DFFDC048A}.Release|ARM.Build.0 = Release|Any CPU
		{72E26D63-E0B1-4DA8-953D-B76DFFDC048A}.Release|iPhone.ActiveCfg = Release|Any CPU
		{72E26D63-E0B1-4DA8-953D-B76DFFDC048A}.Release|iPhone.Build.0 = Release|Any CPU
		{72E26D63-E0B1-4DA8-953D-B76DFFDC048A}.Release|iPhoneSimulator.ActiveCfg = Release|Any CPU
		{72E26D63-E0B1-4DA8-953D-B76DFFDC048A}.Release|iPhoneSimulator.Build.0 = Release|Any CPU
		{72E26D63-E0B1-4DA8-953D-B76DFFDC048A}.Release|x64.ActiveCfg = Release|Any CPU
		{72E26D63-E0B1-4DA8-953D-B76DFFDC048A}.Release|x64.Build.0 = Release|Any CPU
		{72E26D63-E0B1-4DA8-953D-B76DFFDC048A}.Release|x86.ActiveCfg = Release|Any CPU
		{72E26D63-E0B1-4DA8-953D-B76DFFDC048A}.Release|x86.Build.0 = Release|Any CPU
	EndGlobalSection
	GlobalSection(SolutionProperties) = preSolution
		HideSolutionNode = FALSE
	EndGlobalSection
	GlobalSection(ExtensibilityGlobals) = postSolution
		SolutionGuid = {AD07A072-8460-452D-9978-2F6D2E02F222}
	EndGlobalSection
	GlobalSection(TeamFoundationVersionControl) = preSolution
		SccNumberOfProjects = 8
		SccEnterpriseProvider = {4CA58AB2-18FA-4F8D-95D4-32DDF27D184C}
		SccTeamFoundationServer = https://dev.azure.com/craftonite
		SccLocalPath0 = .
		SccProjectUniqueName1 = COVID19.Client\\COVID19.Client.Android\\COVID19.Client.Android.csproj
		SccProjectName1 = COVID19.Client/COVID19.Client.Android
		SccLocalPath1 = COVID19.Client\\COVID19.Client.Android
		SccProjectUniqueName2 = COVID19.Client\\COVID19.Client.iOS\\COVID19.Client.iOS.csproj
		SccProjectName2 = COVID19.Client/COVID19.Client.iOS
		SccLocalPath2 = COVID19.Client\\COVID19.Client.iOS
		SccProjectUniqueName3 = COVID19.Client\\COVID19.Client.UWP\\COVID19.Client.UWP.csproj
		SccProjectName3 = COVID19.Client/COVID19.Client.UWP
		SccLocalPath3 = COVID19.Client\\COVID19.Client.UWP
		SccProjectUniqueName4 = COVID19.Client\\COVID19.Client\\COVID19.Client.csproj
		SccProjectName4 = COVID19.Client/COVID19.Client
		SccLocalPath4 = COVID19.Client\\COVID19.Client
		SccProjectUniqueName5 = COVID19.Console\\COVID19.Console.csproj
		SccProjectName5 = COVID19.Console
		SccLocalPath5 = COVID19.Console
		SccProjectUniqueName6 = COVID19.Server\\COVID19.Server.csproj
		SccProjectName6 = COVID19.Server
		SccLocalPath6 = COVID19.Server
		SccProjectUniqueName7 = COVID19.Shared\\COVID19.Shared.csproj
		SccProjectName7 = COVID19.Shared
		SccLocalPath7 = COVID19.Shared
	EndGlobalSection
EndGlobal
